
Microsoft Visual Studio Solution File, Format Version 12.00
# Visual Studio Version 16
VisualStudioVersion = 16.0.29519.87
MinimumVisualStudioVersion = 10.0.40219.1
Project("{FAE04EC0-301F-11D3-BF4B-00C04F79EFBC}") = "OkulAppSube2", "OkulAppSube2\OkulAppSube2.csproj", "{AB86E810-57D1-494B-BCF3-B79DFB97B7CF}"
EndProject
Project("{FAE04EC0-301F-11D3-BF4B-00C04F79EFBC}") = "DAL", "DAL\DAL.csproj", "{005E915D-C8D5-4069-90C8-95DB764FA276}"
EndProject
Project("{FAE04EC0-301F-11D3-BF4B-00C04F79EFBC}") = "BLL", "BLL\BLL.csproj", "{AA32387A-7161-4AD5-8A65-49D47DDCB326}"
EndProject
Project("{FAE04EC0-301F-11D3-BF4B-00C04F79EFBC}") = "MODEL", "MODEL\MODEL.csproj", "{ABC61233-AFC0-4B1E-911F-C509D7112029}"
EndProject
Global
	GlobalSection(SolutionConfigurationPlatforms) = preSolution
		Debug|Any CPU = Debug|Any CPU
		Release|Any CPU = Release|Any CPU
	EndGlobalSection
	GlobalSection(ProjectConfigurationPlatforms) = postSolution
		{AB86E810-57D1-494B-BCF3-B79DFB97B7CF}.Debug|Any CPU.ActiveCfg = Debug|Any CPU
		{AB86E810-57D1-494B-BCF3-B79DFB97B7CF}.Debug|Any CPU.Build.0 = Debug|Any CPU
		{AB86E810-57D1-494B-BCF3-B79DFB97B7CF}.Release|Any CPU.ActiveCfg = Release|Any CPU
		{AB86E810-57D1-494B-BCF3-B79DFB97B7CF}.Release|Any CPU.Build.0 = Release|Any CPU
		{005E915D-C8D5-4069-90C8-95DB764FA276}.Debug|Any CPU.ActiveCfg = Debug|Any CPU
		{005E915D-C8D5-4069-90C8-95DB764FA276}.Debug|Any CPU.Build.0 = Debug|Any CPU
		{005E915D-C8D5-4069-90C8-95DB764FA276}.Release|Any CPU.ActiveCfg = Release|Any CPU
		{005E915D-C8D5-4069-90C8-95DB764FA276}.Release|Any CPU.Build.0 = Release|Any CPU
		{AA32387A-7161-4AD5-8A65-49D47DDCB326}.Debug|Any CPU.ActiveCfg = Debug|Any CPU
		{AA32387A-7161-4AD5-8A65-49D47DDCB326}.Debug|Any CPU.Build.0 = Debug|Any CPU
		{AA32387A-7161-4AD5-8A65-49D47DDCB326}.Release|Any CPU.ActiveCfg = Release|Any CPU
		{AA32387A-7161-4AD5-8A65-49D47DDCB326}.Release|Any CPU.Build.0 = Release|Any CPU
		{ABC61233-AFC0-4B1E-911F-C509D7112029}.Debug|Any CPU.ActiveCfg = Debug|Any CPU
		{ABC61233-AFC0-4B1E-911F-C509D7112029}.Debug|Any CPU.Build.0 = Debug|Any CPU
		{ABC61233-AFC0-4B1E-911F-C509D7112029}.Release|Any CPU.ActiveCfg = Release|Any CPU
		{ABC61233-AFC0-4B1E-911F-C509D7112029}.Release|Any CPU.Build.0 = Release|Any CPU
	EndGlobalSection
	GlobalSection(SolutionProperties) = preSolution
		HideSolutionNode = FALSE
	EndGlobalSection
	GlobalSection(ExtensibilityGlobals) = postSolution
		SolutionGuid = {60FD0FE3-3CD2-472F-B523-66B90000E62E}
	EndGlobalSection
EndGlobal
